version = 1
revision = 3
requires-python = ">=3.14"

[[package]]
name = "blake3"
version = "1.0.10"
source = { registry = "https://pypi.org/simple" }
sdist = { url = "https://files.pythonhosted.org/packages/d3/a8/7450e3cee34de76bdfd78507e07c0329fce52da235bcde461250e23066f8/blake3-1.0.10.tar.gz", hash = "sha256:e6f2cdb7ac9499adda6aec064a561b9dd808d243d4f639a4761cd19dea53e015", size = 117129, upload-time = "2026-09-29T12:42:43.495Z" }
wheels = [
    { url = "https://files.pythonhosted.org/packages/ec/f4/760b98c1773cc2c0013720542040650f199b8d1f9ba3da4ff8ccb451b7e3/blake3-1.0.10-cp314-cp314-macosx_10_12_x86_64.whl", hash = "sha256:1c01119b869b7a8c59637cbc762ed314b172c43e9659c1fe64a5d6eb8ad70f95", size = 341762, upload-time = "2026-09-29T12:41:29.549Z" },
    { url = "https://files.pythonhosted.org/packages/de/4f/0811f3f46172645a14c596fd7d55c807b90b750b1802f9ded278d7cd0d26/blake3-1.0.10-cp314-cp314-macosx_11_0_arm64.whl", hash = "sha256:c3e48518d2b8edb5489bc647fd2e944ab81ffdd2cc5d03731cb57441a876977c", size = 326038, upload-time = "2026-09-29T12:41:31.072Z" },
    { url = "https://files.pythonhosted.org/packages/72/e8/826b8d1427e2942d25d5987c6d3028c0280de2b442953874aa2d4b40bf8f/blake3-1.0.10-cp314-cp314-manylinux_2_17_aarch64.manylinux2014_aarch64.whl", hash = "sha256:b43c66eb4bcaf7ef89af5ffa9c1dc4d68be4b57b3e2052956cac24873505d39b", size = 371942, upload-time = "2026-09-29T12:41:32.433Z" },
    { url = "https://files.pythonhosted.org/packages/eb/fb/76a70f197d02ff8d3b2106a3e2e0330e05e2953bbdbf97cb07deae58da00/blake3-1.0.10-cp314-cp314-manylinux_2_17_armv7l.manylinux2014_armv7l.whl", hash = "sha256:d969076f0372d3fab29786f739ca203dc8ca3aead0b6999c2163a6aaecaf381b", size = 371370, upload-time = "2026-09-29T12:41:33.723Z" },
    { url = "https://files.pythonhosted.org/packages/44/c9/924a9cb167dcd00a402da1b23e97f1d29ff5c06db678d14a46d3e0cad959/blake3-1.0.10-cp314-cp314-manylinux_2_17_i686.manylinux2014_i686.whl", hash = "sha256:e23b70958ca75fa9d4c11c2476ec7882e398d02e1a6bbae3fc55862b33171077", size = 442578, upload-time = "2026-09-29T12:41:35.06Z" },
    { url = "https://files.pythonhosted.org/packages/9f/44/4076be8ce0f4ef2e8a200333f62d8d9930ede841fd286a2f9003e0e86db2/blake3-1.0.10-cp314-cp314-manylinux_2_17_ppc64le.manylinux2014_ppc64le.whl", hash = "sha256:892302ca7ec7b4e0a44ced47d6d1458ba68c0a325b35d64b11c7988675f7c30c", size = 484759, upload-time = "2026-09-29T12:41:36.437Z" },
    { url = "https://files.pythonhosted.org/packages/5b/3f/5b480c3b99312295c63d5501a649873a0345c86486cc056ee415c6fc8de8/blake3-1.0.10-cp314-cp314-manylinux_2_17_s390x.manylinux2014_s390x.whl", hash = "sha256:de9e7e848b6f3d0781335d5221529a7bb5daff23cbfba3f5e08683ddf873cf9a", size = 382467, upload-time = "2026-09-29T12:41:37.812Z" },
    { url = "https://files.pythonhosted.org/packages/83/96/cf29dbe5b816d06c560102802d2b5c4937b6773574ad7fd9110f230f5086/blake3-1.0.10-cp314-cp314-manylinux_2_17_x86_64.manylinux2014_x86_64.whl", hash = "sha256:683ad70640af2fb05cf3bb7881f0f7cd6b489ff75755917806fb35c2e11e05d1", size = 383053, upload-time = "2026-09-29T12:41:39.22Z" },
    { url = "https://files.pythonhosted.org/packages/cf/f1/75dedc20b8a75aec68d8293b411ffaa0815ff319a913fedf41a36948977a/blake3-1.0.10-cp314-cp314-manylinux_2_31_riscv64.whl", hash = "sha256:21eb471e41465d40a153e9e577326cb8984dde65b2876bc7162192aee9e2bb69", size = 378610, upload-time = "2026-09-29T12:41:40.706Z" },
    { url = "https://files.pythonhosted.org/packages/0e/b2/864d91f6699d5483caafaf699d494d77a55e8f7abc9b1d3a117f3989b0f0/blake3-1.0.10-cp314-cp314-musllinux_1_1_aarch64.whl", hash = "sha256:72b98f155a637bfada7d6f17de5b7e30e65b68fb99347300c997a78435f75ebe", size = 548654, upload-time = "2026-09-29T12:41:42.333Z" },
    { url = "https://files.pythonhosted.org/packages/17/fc/56b77eb60bd2d1b27f0a02961e067c3e9cccc5a9723f18833c9d9329f470/blake3-1.0.10-cp314-cp314-musllinux_1_1_x86_64.whl", hash = "sha256:5007afadf5b4fc44745637b74cbf1dff128e4e060f6c493c899b0c0e57606186", size = 590721, upload-time = "2026-09-29T12:41:44.154Z" },
    { url = "https://files.pythonhosted.org/packages/49/4d/742cefea4f92e1a664d5b9a86eac33720197d52ac97b66c657914f58c940/blake3-1.0.10-cp314-cp314-win32.whl", hash = "sha256:4388289f852ab823e8d189eecffd39de731cc4ee8447d3abf801ac6899191c91", size = 230410, upload-time = "2026-09-29T12:41:45.635Z" },
    { url = "https://files.pythonhosted.org/packages/7a/8a/88ccc9396c6390e3a7aec0b639fe192119f6ea05c33db522fc2c5c87b530/blake3-1.0.10-cp314-cp314-win_amd64.whl", hash = "sha256:27c14f1baf7842aad7965ea21d3da2d1f093e5a07b547be2ad1cc37ecd033968", size = 218393, upload-time = "2026-09-29T12:41:46.939Z" },
    { url = "https://files.pythonhosted.org/packages/3d/79/f5a5b10c3b9fa1c0334874f844b26ebf2780a518d77524af0064ee1dedbe/blake3-1.0.10-cp314-cp314t-macosx_10_12_x86_64.whl", hash = "sha256:3b2cd9ce00008ca049074fe9ac8eb51e13f8591e091811e061c063622a66f03b", size = 340365, upload-time = "2026-09-29T12:41:48.224Z" },
    { url = "https://files.pythonhosted.org/packages/0c/44/6669b23301ba1a9a4352d73786e0da55204d754a3d416b815e1e466c8b15/blake3-1.0.10-cp314-cp314t-macosx_11_0_arm64.whl", hash = "sha256:a9cec88549c90c0b53bddfa5ea832ee66e8d7312143cef43d078d647267bcb62", size = 325406, upload-time = "2026-09-29T12:41:49.698Z" },
    { url = "https://files.pythonhosted.org/packages/34/2c/6b740640db8f456bdb5e37a1fbb923143bd45c0b849667c9235d7e1b474b/blake3-1.0.10-cp314-cp314t-manylinux_2_17_aarch64.manylinux2014_aarch64.whl", hash = "sha256:8e675830f2fde39ef0f6b5dba6895a8c008f4b3df11aa3a02967f4511e6c3ebd", size = 371651, upload-time = "2026-09-29T12:41:50.928Z" },
    { url = "https://files.pythonhosted.org/packages/19/47/9b5522c3fe21c2fb3edae4d43519a51d1a15c3c4c7ab409690711364dc16/blake3-1.0.10-cp314-cp314t-manylinux_2_17_armv7l.manylinux2014_armv7l.whl", hash = "sha256:c5371ebd5823221ae0157879effebfbbb3e360e3becb0f2ac3a523be7df0c77f", size = 370173, upload-time = "2026-09-29T12:41:52.382Z" },
    { url = "https://files.pythonhosted.org/packages/c2/27/9f61198edb05562d993a54c0b28589076dd2e9d5fd4b73d33aaf3fe2dd88/blake3-1.0.10-cp314-cp314t-manylinux_2_17_i686.manylinux2014_i686.whl", hash = "sha256:dc3fb272ef14003166957a92ecc477055e6129f460187b309472f420c1f9a5e9", size = 441612, upload-time = "2026-09-29T12:41:54.019Z" },
    { url = "https://files.pythonhosted.org/packages/9f/14/5fa1cdb6a50f34ac629fc2032747bbe0f09cb2afefc4b6664bbd542eaa05/blake3-1.0.10-cp314-cp314t-manylinux_2_17_ppc64le.manylinux2014_ppc64le.whl", hash = "sha256:ff444b1b07ec49498301b591271f59a4f5b87b1d411731829b9b6edecf83a8ff", size = 483834, upload-time = "2026-09-29T12:41:55.345Z" },
    { url = "https://files.pythonhosted.org/packages/bd/61/ca32f0c93a148eed7ac26166c300ad75b9bb593ae36e690716980fa0f0c3/blake3-1.0.10-cp314-cp314t-manylinux_2_17_s390x.manylinux2014_s390x.whl", hash = "sha256:dec74fa0a1d7d5b077891b12e352c07a818252fba462567a1ed3030b58b82a21", size = 381800, upload-time = "2026-09-29T12:41:56.726Z" },
    { url = "https://files.pythonhosted.org/packages/8f/6e/2503a33bdf1cc336918faee407176deaae2b10ae80edc046b4f6ef348506/blake3-1.0.10-cp314-cp314t-manylinux_2_17_x86_64.manylinux2014_x86_64.whl", hash = "sha256:93723da400612e1f4f82dbf22ab40b505754035af6946e32ebe123da210a43eb", size = 382816, upload-time = "2026-09-29T12:41:58.107Z" },
    { url = "https://files.pythonhosted.org/packages/b2/9f/873d95fa67bf3611011e14c9b101f394cc69f92dac9fe622a14ac8910c55/blake3-1.0.10-cp314-cp314t-manylinux_2_31_riscv64.whl", hash = "sha256:92689029f4716716ed5aaa1bb34883fcb4ee67117adb5a58a7deca34cc75cc07", size = 377775, upload-time = "2026-09-29T12:41:59.949Z" },
    { url = "https://files.pythonhosted.org/packages/dc/d5/b729989e1c385760c5272517aa506713c79d47f4dca161e9016dcda7611b/blake3-1.0.10-cp314-cp314t-musllinux_1_1_aarch64.whl", hash = "sha256:41eed0ab905d86ea141f9401a5b39eff7ece53a6e50c09b3481d30e75f403b7e", size = 547662, upload-time = "2026-09-29T12:42:01.307Z" },
    { url = "https://files.pythonhosted.org/packages/5f/2f/609adf3c5afad5e3ed93b1f689fac7612216320db9cca44ab7e90604a6ae/blake3-1.0.10-cp314-cp314t-musllinux_1_1_x86_64.whl", hash = "sha256:2c22c8318d58c82259d8b36fb44199242a30a0be34afc475a31b2d9885e9e3c4", size = 589902, upload-time = "2026-09-29T12:42:02.711Z" },
    { url = "https://files.pythonhosted.org/packages/ec/09/90b7858d5bbcf6580038b7374af7d5c52d6fa5b754295fec3a217965ecce/blake3-1.0.10-cp314-cp314t-win32.whl", hash = "sha256:17645ccbada36ef931d3da16c22ad689d10683a02016a84069aec31d19b9346d", size = 230535, upload-time = "2026-09-29T12:42:04.079Z" },
    { url = "https://files.pythonhosted.org/packages/6d/62/0c0a5140f0bed34d9dcafeec76c91f04966cbc1916f94f3b810c55f00da5/blake3-1.0.10-cp314-cp314t-win_amd64.whl", hash = "sha256:f6942e1dab7508d2396bc5fd0285c61b81b7e6e3c8a03688455d5d103b1138bb", size = 218195, upload-time = "2026-09-29T12:42:05.461Z" },
]

[[package]]
name = "ophite"
version = "0.1.0"
source = { editable = "." }
dependencies = [
    { name = "blake3" },
    { name = "whenever" },
]

[package.metadata]
requires-dist = [
    { name = "blake3", specifier = ">=1.0.10" },
    { name = "whenever", specifier = ">=0.11.0" },
]

[[package]]
name = "tzdata"
version = "2026.5"
source = { registry = "https://pypi.org/simple" }
sdist = { url = "https://files.pythonhosted.org/packages/d9/68/f1b440335057bfce71b6e50a9d09445aa2ecbd08359a337976627b8409e7/tzdata-2026.5.tar.gz", hash = "sha256:8cc73c0a0bfca7dbfa59235d60b2eff82231dee33f53d206db1acd9173cfc0a7", size = 200404, upload-time = "2026-10-03T09:23:14.143Z" }
wheels = [
    { url = "https://files.pythonhosted.org/packages/94/21/1e5995a1c920cce14e4bffae20c665ec10e7ed03ab25e006cd741092b718/tzdata-2026.5-py2.py3-none-any.whl", hash = "sha256:b683bd1b6659ddcd810ff02ad09ba821d4bf1065072805063eb35c49617905ac", size = 347996, upload-time = "2026-10-03T09:23:12.535Z" },
]

[[package]]
name = "tzlocal"
version = "5.4.4"
source = { registry = "https://pypi.org/simple" }
dependencies = [
    { name = "tzdata", marker = "sys_platform == 'win32'" },
]
sdist = { url = "https://files.pythonhosted.org/packages/81/5b/879b2f932adfa7a053c360d50bc896c977fa6426109185f7c12ebdd0cb9d/tzlocal-5.4.4.tar.gz", hash = "sha256:8dbb8660838688a7b6ba4fed31d18dedf842afb4d47ca050d6d891c2c15f3be4", size = 31170, upload-time = "2026-06-29T08:03:40.026Z" }
wheels = [
    { url = "https://files.pythonhosted.org/packages/9e/a4/017a7a6cbe387d961a688ec31364ae60a5c4e22c96ae9921b79a947c855d/tzlocal-5.4.4-py3-none-any.whl", hash = "sha256:aae09f0126a8a86fa736be266eb4a471380d26a0de3bc14844e7821fee3e2a15", size = 18115, upload-time = "2026-06-29T08:03:38.666Z" },
]

[[package]]
name = "whenever"
version = "0.11.0"
source = { registry = "https://pypi.org/simple" }
dependencies = [
    { name = "tzdata", marker = "sys_platform == 'win32'" },
    { name = "tzlocal", marker = "sys_platform != 'darwin' and sys_platform != 'linux'" },
]
sdist = { url = "https://files.pythonhosted.org/packages/34/98/cda7f64d012c4bdc40ad5991fded0d0554e8092f6f885a289a139ad67e2c/whenever-0.11.0.tar.gz", hash = "sha256:e458c72a08fb03cab5adedfd2b34aa35c389091f07f73892a1fb281742535a5c", size = 563932, upload-time = "2026-10-02T20:08:12.4Z" }
wheels = [
    { url = "https://files.pythonhosted.org/packages/27/c8/dfef2060591031628b4e7b6ae7160a7d016d586cb9c3b693184bf6d9f95a/whenever-0.11.0-cp314-cp314-macosx_10_12_x86_64.whl", hash = "sha256:375c55ba85bfc983896acf2606f6eb0bedf0deeb4ba86221417dedd2d5ce6785", size = 586678, upload-time = "2026-10-02T20:06:26.958Z" },
    { url = "https://files.pythonhosted.org/packages/27/18/6adcb65a7ed3ba3a815f832f3fade3de9891f6e8c4cd7f9d6d7ee8e565eb/whenever-0.11.0-cp314-cp314-macosx_11_0_arm64.whl", hash = "sha256:8f96d4d0cfa8e0c5b90255ebb1be82e28226513714bdb60eb2914ca6782c0994", size = 574651, upload-time = "2026-10-02T20:06:28.625Z" },
    { url = "https://files.pythonhosted.org/packages/6c/52/49ffd79d096e8075ab88849b0b6fa0a58a1b2f76998a9b5f7bd0d2adeb3c/whenever-0.11.0-cp314-cp314-manylinux_2_17_aarch64.manylinux2014_aarch64.whl", hash = "sha256:0af4abe4595e6e3491e53a14f7c2a72ddf8a69addf1e5ab3295c2fbc7700f352", size = 594177, upload-time = "2026-10-02T20:06:30.236Z" },
    { url = "https://files.pythonhosted.org/packages/3a/6c/91bff77493b9ffff7e1266839a6220e28e17ee76dd57ace06e6f5ac39655/whenever-0.11.0-cp314-cp314-manylinux_2_17_armv7l.manylinux2014_armv7l.whl", hash = "sha256:6153291ac533af62c047076247003abf4b19c40f0b37bf6830464c962beaa37d", size = 677947, upload-time = "2026-10-02T20:06:31.987Z" },
    { url = "https://files.pythonhosted.org/packages/01/cc/64e74789ae4a6f63010ddd1d5b73c3e86a79a3fefd44490a002b52b80cdf/whenever-0.11.0-cp314-cp314-manylinux_2_17_ppc64le.manylinux2014_ppc64le.whl", hash = "sha256:fc2e279f4beedb7addb5d1842fd7bd39a47de2391fddb5d744a89d0766bacfc0", size = 632643, upload-time = "2026-10-02T20:06:33.837Z" },
    { url = "https://files.pythonhosted.org/packages/a9/6d/af9c57014854ce9d471714b7a1ee47777488617ec982113883157a56ef5c/whenever-0.11.0-cp314-cp314-manylinux_2_17_s390x.manylinux2014_s390x.whl", hash = "sha256:c53051dbc013b84c4c3a330a509ceda37094afc2ea3cd28f4f65d65f59c1a262", size = 644048, upload-time = "2026-10-02T20:06:35.596Z" },
    { url = "https://files.pythonhosted.org/packages/ac/8d/4346e3e61af31a7415cee44545d8d33dbce8494de6a64585c1c59aae8d42/whenever-0.11.0-cp314-cp314-manylinux_2_17_x86_64.manylinux2014_x86_64.whl", hash = "sha256:64121c4e89dc29ec5b7b4b466372f3dca113eedf9377cdd4b55ee9bef204cae7", size = 605272, upload-time = "2026-10-02T20:06:37.228Z" },
    { url = "https://files.pythonhosted.org/packages/48/b5/93ecebd3614abdd6cc59fd534e41763289d0fa97d59feade022bde943eb6/whenever-0.11.0-cp314-cp314-manylinux_2_5_i686.manylinux1_i686.whl", hash = "sha256:c6638dffc2f1c020635818d9730228502f1e36e803239c7bd76b85e06f2acdd0", size = 694629, upload-time = "2026-10-02T20:06:38.877Z" },
    { url = "https://files.pythonhosted.org/packages/0c/49/44466d9d60ac220f045f81ef542f692c6b78e88370022bc25298de29fce4/whenever-0.11.0-cp314-cp314-musllinux_1_2_aarch64.whl", hash = "sha256:5810d67bfe9a9fd401f32758e475f498a3ebe253743ff144f83c1dd799d68aa4", size = 772717, upload-time = "2026-10-02T20:06:40.571Z" },
    { url = "https://files.pythonhosted.org/packages/fc/69/a6e05cec44639d1a46004454bbd53c6e7245dec766b55cd771b32e31d592/whenever-0.11.0-cp314-cp314-musllinux_1_2_armv7l.whl", hash = "sha256:2a92d443aa1ee96c22d286c459601dfec502812686a8b35cebe7a55917dd9681", size = 956503, upload-time = "2026-10-02T20:06:42.297Z" },
    { url = "https://files.pythonhosted.org/packages/80/c5/9cd0ad9f432a7506c8c4bed6b1eb039855dbd65a8fb014fed540f1d4136f/whenever-0.11.0-cp314-cp314-musllinux_1_2_i686.whl", hash = "sha256:dacc29530ef44e2541bc5f66d73da0e7abe1c555ac667456096eb218458df40d", size = 903320, upload-time = "2026-10-02T20:06:44.02Z" },
    { url = "https://files.pythonhosted.org/packages/0a/68/1d5b4b3ea6c95a281f2aa9d38fc8e002f5ae53c3cd3557ff34f30de80776/whenever-0.11.0-cp314-cp314-musllinux_1_2_x86_64.whl", hash = "sha256:8eb345de7add7b7ee7673985a8fa2f9a6a175cf09e115f568f01657cf1823291", size = 817724, upload-time = "2026-10-02T20:06:45.704Z" },
    { url = "https://files.pythonhosted.org/packages/76/d9/c59b55218e5843fe38a009904118ee1e32af24caf2f9f64e9c79b527257d/whenever-0.11.0-cp314-cp314-win32.whl", hash = "sha256:6a994c92d6971d5899373b3e90217bc6ff9f45986c728bc428120664d19ec70f", size = 583264, upload-time = "2026-10-02T20:06:47.81Z" },
    { url = "https://files.pythonhosted.org/packages/4f/d1/e88f6780d72d1a5d64dd59716f7f3a38fdd55b42ce3ab77fa84ebdd2cbb8/whenever-0.11.0-cp314-cp314-win_amd64.whl", hash = "sha256:bb053a3f6d45631adfcf528d36597703db4b134088dbf48c315d9c57b327070c", size = 549912, upload-time = "2026-10-02T20:06:49.505Z" },
    { url = "https://files.pythonhosted.org/packages/ab/3e/e8bb706b0f847a687c06e02bf269a923aa16539b322f0f73fb4958e95d42/whenever-0.11.0-cp314-cp314t-macosx_10_12_x86_64.whl", hash = "sha256:b60ac17cb37965ca3a18bdfa7e34db9c069d722757928a7da764a83bdfabe4b2", size = 588657, upload-time = "2026-10-02T20:06:51.309Z" },
    { url = "https://files.pythonhosted.org/packages/7a/38/5740469b7383b6ca2f332e79cc63cac1be8d77bd887fe883ee1cbb4c8439/whenever-0.11.0-cp314-cp314t-macosx_11_0_arm64.whl", hash = "sha256:a016825fab17113fad9f03074451d1ddbb241c7bdc63a9670b3f2606e2373ae4", size = 575616, upload-time = "2026-10-02T20:06:52.953Z" },
    { url = "https://files.pythonhosted.org/packages/a5/1a/d8574d53dc0b398eb7c3a75d58ecb64a49dfea4737ab3a77f02137b0f6f2/whenever-0.11.0-cp314-cp314t-manylinux_2_17_aarch64.manylinux2014_aarch64.whl", hash = "sha256:2194b1bc28196e8af6b87dd2a7695b4a71c94438ef21d882442f214f6c2345e1", size = 593679, upload-time = "2026-10-02T20:06:54.751Z" },
    { url = "https://files.pythonhosted.org/packages/64/67/c6e32fa561a27ff3644834deb449f9b4d811478c5364d44ef2f487c8623c/whenever-0.11.0-cp314-cp314t-manylinux_2_17_armv7l.manylinux2014_armv7l.whl", hash = "sha256:3020368a8fdcb73284f0e013ddb6541c0bf670502b686fc5d027cd9c303a1220", size = 677716, upload-time = "2026-10-02T20:06:56.37Z" },
    { url = "https://files.pythonhosted.org/packages/b7/2f/779b64cda0188e220c703f63b33edabc6ef8efbc227f3a0a5270d6740a3a/whenever-0.11.0-cp314-cp314t-manylinux_2_17_ppc64le.manylinux2014_ppc64le.whl", hash = "sha256:2ada6e8801d746f574d90b69a2e53a5ceed1264a60620bc385e715473392b585", size = 633767, upload-time = "2026-10-02T20:06:58.283Z" },
    { url = "https://files.pythonhosted.org/packages/7b/d3/f19cb7ecbcf2c9a3dff2638680f2297a4d324b730b5e5a5f199b32dc132a/whenever-0.11.0-cp314-cp314t-manylinux_2_17_s390x.manylinux2014_s390x.whl", hash = "sha256:22fd13517e443181674df4adbf73f5a5e3c898789282c99a93e10a106bf81a4a", size = 643770, upload-time = "2026-10-02T20:06:59.974Z" },
    { url = "https://files.pythonhosted.org/packages/d2/b5/22a5453009a4d3b93ee5a653a87ef81c7fff0e823f0aa30a183005691a7b/whenever-0.11.0-cp314-cp314t-manylinux_2_17_x86_64.manylinux2014_x86_64.whl", hash = "sha256:701a33b8dbdc796f4d6e3ced88182a84c9908b776cdd4bd890bca65ce40d1642", size = 605073, upload-time = "2026-10-02T20:07:01.839Z" },
    { url = "https://files.pythonhosted.org/packages/70/e3/d3cc4ae7b81e81de0b984236826ec16b473a4ca56b0f24428f50ddfa74b2/whenever-0.11.0-cp314-cp314t-manylinux_2_5_i686.manylinux1_i686.whl", hash = "sha256:c09e2ceac0229f0dbba6a6df2230073dd4dd87aba58b693b52978a6c5d482cf2", size = 693919, upload-time = "2026-10-02T20:07:03.489Z" },
    { url = "https://files.pythonhosted.org/packages/ad/26/45ac05d55203907e102d082af3902f9be7fe37ededce0e5dc501578a1775/whenever-0.11.0-cp314-cp314t-musllinux_1_2_aarch64.whl", hash = "sha256:18c17de08d9f482226021d506eebc1ad871b41e8176b72e7e50d463d7deba95b", size = 771955, upload-time = "2026-10-02T20:07:05.192Z" },
    { url = "https://files.pythonhosted.org/packages/b2/a8/8b96e5ca37a8485b5f87687e82027020f9c1491e7ba16ff4d7bae3f74899/whenever-0.11.0-cp314-cp314t-musllinux_1_2_armv7l.whl", hash = "sha256:0947f96bf4fd152eca3668ed3e0a6f4e67d17322bb2dbdaea1faf8f8671c8f12", size = 956610, upload-time = "2026-10-02T20:07:07.061Z" },
    { url = "https://files.pythonhosted.org/packages/e9/8c/480c6a80f3145344acda06d546dbbaf23b48bd11ae055cdd7b71e05c3470/whenever-0.11.0-cp314-cp314t-musllinux_1_2_i686.whl", hash = "sha256:291e58840f7a0dce449ed94fcc6ee097917885bc2c9dd0e786d9c502dd444c55", size = 902249, upload-time = "2026-10-02T20:07:08.942Z" },
    { url = "https://files.pythonhosted.org/packages/30/1c/0fa31e5c60e36ee9eb11355e4e5a6a7aa61fe8ba29d4ea2031cea77c5579/whenever-0.11.0-cp314-cp314t-musllinux_1_2_x86_64.whl", hash = "sha256:f4294d9078aab1f0ceb490c6b9bc0560c7ea116ed240a1be3cb723b79f825429", size = 817704, upload-time = "2026-10-02T20:07:11.051Z" },
    { url = "https://files.pythonhosted.org/packages/26/7e/a7a240bf2fc06cc5187c1f6f569ce53184d695c60647261114cc665c5f44/whenever-0.11.0-cp314-cp314t-win32.whl", hash = "sha256:cefd05fe25795dbf5f196fd3ad3bffe0acb99a0d164079330c05225dc8724814", size = 582816, upload-time = "2026-10-02T20:07:12.793Z" },
    { url = "https://files.pythonhosted.org/packages/59/e0/91143c162aa36113ad9d41be110199719465c2f4ea78ea0e93d464760b12/whenever-0.11.0-cp314-cp314t-win_amd64.whl", hash = "sha256:e2152441bf9421f318970a73f4150fefae3986fe33a4ccd3b9d889370596d373", size = 549684, upload-time = "2026-10-02T20:07:14.454Z" },
    { url = "https://files.pythonhosted.org/packages/78/53/6096b2cff547ea53a0acd058e096aa5311b394dea57296ce7b3dbfe47403/whenever-0.11.0-cp315-cp315-macosx_10_12_x86_64.whl", hash = "sha256:85a492d3f94b24298e4dc23aed5b259ff45b08f04a5ac53725754fc121b8669c", size = 586675, upload-time = "2026-10-02T20:07:16.382Z" },
    { url = "https://files.pythonhosted.org/packages/22/68/e54f02137736aa1f3a9046faeaab494e7cc301fbeca1d7523c3707ecf2c6/whenever-0.11.0-cp315-cp315-macosx_11_0_arm64.whl", hash = "sha256:b14ca4e4d4b62d2f7525d42ce9f03242ee8f122afe5817a924699fabe5b5c635", size = 574651, upload-time = "2026-10-02T20:07:18.087Z" },
    { url = "https://files.pythonhosted.org/packages/26/91/67db42867f5080ac7d7bb5df44ffb3361d6fa4684bd2f594eee7f75f0b43/whenever-0.11.0-cp315-cp315-manylinux_2_17_aarch64.manylinux2014_aarch64.whl", hash = "sha256:a527bd6b4e1dfd770fe3d667a1b2fd6cb35f86c030d878be53042f45c1903725", size = 594180, upload-time = "2026-10-02T20:07:20.052Z" },
    { url = "https://files.pythonhosted.org/packages/e2/a2/efd7cb8117084cc57a378d01dc8bc15b8a08844a1f98631ab7133c9654f9/whenever-0.11.0-cp315-cp315-manylinux_2_17_armv7l.manylinux2014_armv7l.whl", hash = "sha256:faa111ae6721ed8a9f6e76860f7c41a071fc958061c95aff4e5c1bf8743bc661", size = 677949, upload-time = "2026-10-02T20:07:21.828Z" },
    { url = "https://files.pythonhosted.org/packages/72/d4/2b87b0d967a3ccddf9accc79036755dabbdd0ac0132f3d74b627b90b5f2a/whenever-0.11.0-cp315-cp315-manylinux_2_17_ppc64le.manylinux2014_ppc64le.whl", hash = "sha256:2704a4940f961baafd90b9690a8228368adccd02b2e4b696408dd00922e2a350", size = 632648, upload-time = "2026-10-02T20:07:23.58Z" },
    { url = "https://files.pythonhosted.org/packages/cc/0b/c42ccd36699381c1c1db444ba45a8d859815fa0c3083153a4a68db191abb/whenever-0.11.0-cp315-cp315-manylinux_2_17_s390x.manylinux2014_s390x.whl", hash = "sha256:d8265bd4ad361043f67cd1d7835ecc107f2ca4c8145ab41f96649c509c329014", size = 644056, upload-time = "2026-10-02T20:07:25.508Z" },
    { url = "https://files.pythonhosted.org/packages/b9/d8/b77b3e3ead5bc48809d9b6b4d43344e28c779d59bb3b608d439b833c2bc4/whenever-0.11.0-cp315-cp315-manylinux_2_17_x86_64.manylinux2014_x86_64.whl", hash = "sha256:21f968c63ff94de0e3a81fa9e502aea6910b1af6ecf561b3c3cf503b60a5bec6", size = 605277, upload-time = "2026-10-02T20:07:27.338Z" },
    { url = "https://files.pythonhosted.org/packages/0f/71/96e67b24c25f35747ed63737961a3983c13513a53cca5d3314771c7b07e2/whenever-0.11.0-cp315-cp315-manylinux_2_5_i686.manylinux1_i686.whl", hash = "sha256:d435dd9e41dfb3600c0a1ca57fb6560984c0f9627ae9209fddf856194ae34663", size = 694631, upload-time = "2026-10-02T20:07:29.189Z" },
    { url = "https://files.pythonhosted.org/packages/bf/f3/6c36cd42265a5af11797dfcdbd7d14e9baf3b88fb16a9cd2f19d3cc12711/whenever-0.11.0-cp315-cp315-musllinux_1_2_aarch64.whl", hash = "sha256:9ae20d1da8db0173f8c19ddfb012478aace13c3fbf387dd31fa85548267202f3", size = 772721, upload-time = "2026-10-02T20:07:30.941Z" },
    { url = "https://files.pythonhosted.org/packages/04/6d/b57b0d1b3b3111435ed6100b91e5a161eeff24b3d16a49b36eb6a11db83d/whenever-0.11.0-cp315-cp315-musllinux_1_2_armv7l.whl", hash = "sha256:7936fea07493170c37c82c5f27e6f1763ec82d179805f15f9dc0cd56aa1a8ce8", size = 956505, upload-time = "2026-10-02T20:07:32.726Z" },
    { url = "https://files.pythonhosted.org/packages/21/a2/efccccd69fe319e40a260859af4e197036ab8c73c22ca98173752d6788ed/whenever-0.11.0-cp315-cp315-musllinux_1_2_i686.whl", hash = "sha256:229ba14549be0bb595a6fcf518aa1678d3a650086b4598e187809e6551bc3415", size = 903325, upload-time = "2026-10-02T20:07:34.724Z" },
    { url = "https://files.pythonhosted.org/packages/b8/5c/7f6a22d4451353feedb8f728ff2c81727f4d88c102be0da90aabf5e3a8b5/whenever-0.11.0-cp315-cp315-musllinux_1_2_x86_64.whl", hash = "sha256:210a84c085bae73e5d751e3835969602ff461caa390cbe33b4441d716c49ecac", size = 817729, upload-time = "2026-10-02T20:07:36.623Z" },
    { url = "https://files.pythonhosted.org/packages/7f/ad/0281b91096b4ee83988fca0b1218e99201515adf0baeaeeccdf360879be5/whenever-0.11.0-cp315-cp315-win32.whl", hash = "sha256:b2afe7b4ad6508a5a9f71075a1e30c445383ebf1803c7116695b556973d1fc19", size = 583264, upload-time = "2026-10-02T20:07:38.641Z" },
    { url = "https://files.pythonhosted.org/packages/af/2c/3f2ac504fa9d2790dae4116f37c49ec1ed24e231754049a71ca9db9b6e58/whenever-0.11.0-cp315-cp315-win_amd64.whl", hash = "sha256:3c4835c815201962d52b801f6a37d3fa286543985d2c3433b9fcdd550e836893", size = 549915, upload-time = "2026-10-02T20:07:40.658Z" },
    { url = "https://files.pythonhosted.org/packages/cc/69/b3d61aa25338332beb2fdfd9fc009a2bc6fa0cdcc3f495712949bf0723f2/whenever-0.11.0-cp315-cp315t-macosx_10_12_x86_64.whl", hash = "sha256:4787179c1a8caf5717920cbbc2508a8186fe2609ee1f7606853fba6e005eb0b8", size = 588656, upload-time = "2026-10-02T20:07:42.438Z" },
    { url = "https://files.pythonhosted.org/packages/b0/07/434369eb802bafa710bfd250e927f7b9985412d550196dc768640f3d20f1/whenever-0.11.0-cp315-cp315t-macosx_11_0_arm64.whl", hash = "sha256:72e9b0544036e2a961b50fda02af85a504331fbad1bb7bf39eeaeee8bd24455f", size = 575620, upload-time = "2026-10-02T20:07:44.443Z" },
    { url = "https://files.pythonhosted.org/packages/ec/47/fcfb22f474b2ea94bdcc6a0cf9b677d34b428a101c6ace62bf0a64dc7d32/whenever-0.11.0-cp315-cp315t-manylinux_2_17_aarch64.manylinux2014_aarch64.whl", hash = "sha256:d8ed4a6db3d9e3b60376fa12c983733cea541342e8ee283b6f28a5288dea91c7", size = 593687, upload-time = "2026-10-02T20:07:46.431Z" },
    { url = "https://files.pythonhosted.org/packages/90/95/20c3bb88fab9bf8a994f911268d18bc864661b61adbd34b43129f9a2fae4/whenever-0.11.0-cp315-cp315t-manylinux_2_17_armv7l.manylinux2014_armv7l.whl", hash = "sha256:6ca95e308abd07916a39f860b40ed77f883d3b16a3058249e6ae4a43c8883f3f", size = 677721, upload-time = "2026-10-02T20:07:48.316Z" },
    { url = "https://files.pythonhosted.org/packages/8c/b0/f0615ec91f7c39b5819ed22dbcee4ad53501500dbb09b4708be04b650835/whenever-0.11.0-cp315-cp315t-manylinux_2_17_ppc64le.manylinux2014_ppc64le.whl", hash = "sha256:42ad1df40627db5bd071d3efa306a29e544695c7111f9e31770baa2e79a96b16", size = 633774, upload-time = "2026-10-02T20:07:50.288Z" },
    { url = "https://files.pythonhosted.org/packages/15/f3/c3d4019739b17f10633940f424b4878590b55f59466d2e11ca64bd29ab5a/whenever-0.11.0-cp315-cp315t-manylinux_2_17_s390x.manylinux2014_s390x.whl", hash = "sha256:f8562a8f80a970ee8b90771e39203295f3c3e5e09ab68744a265508783d44185", size = 643777, upload-time = "2026-10-02T20:07:52.447Z" },
    { url = "https://files.pythonhosted.org/packages/eb/35/45e06c7e9ca9765dc7bf19e2eb11aa23eb7dcf337bdc90dac666384aa3b5/whenever-0.11.0-cp315-cp315t-manylinux_2_17_x86_64.manylinux2014_x86_64.whl", hash = "sha256:a5663beb0dea2a0ac8a2111341b3dacf3589430074dc553fedde29d57be3e385", size = 605082, upload-time = "2026-10-02T20:07:54.275Z" },
    { url = "https://files.pythonhosted.org/packages/79/3a/c550afda5e971b1f3419fae5bce157b699779f6ce71f1b61ae2b7cf6cf88/whenever-0.11.0-cp315-cp315t-manylinux_2_5_i686.manylinux1_i686.whl", hash = "sha256:c6398a9cc081f6229f7c0f0612902e0c7b49517cb409bc8bcf66c4aa46cd75b1", size = 693924, upload-time = "2026-10-02T20:07:56.212Z" },
    { url = "https://files.pythonhosted.org/packages/41/06/7d28fbd589aaa4e3162f03d7657c9618fa4249a39aa7379ce417f628b904/whenever-0.11.0-cp315-cp315t-musllinux_1_2_aarch64.whl", hash = "sha256:dc36546fa24d9952c9060b15507df0b4d129a97440128140054199fb23320990", size = 771962, upload-time = "2026-10-02T20:07:58.422Z" },
    { url = "https://files.pythonhosted.org/packages/48/9e/7cc26d127c54efef1ca111ee77430fe034e7f2de4edf01db771e4e51d2ac/whenever-0.11.0-cp315-cp315t-musllinux_1_2_armv7l.whl", hash = "sha256:6b7a3fcb1854a519d177b9537ac8607b4daff012f91fac3f39d90255dc8ee70b", size = 956615, upload-time = "2026-10-02T20:08:00.409Z" },
    { url = "https://files.pythonhosted.org/packages/87/dc/3a742eff0703b10f7f4bb9da29561cb9a5ddcf79518e3b5a55f27cf001f7/whenever-0.11.0-cp315-cp315t-musllinux_1_2_i686.whl", hash = "sha256:3b475a00a15c7b67a10a34330dbfae4bf2f0679f566941e3c401f746111a61e4", size = 902256, upload-time = "2026-10-02T20:08:02.663Z" },
    { url = "https://files.pythonhosted.org/packages/b1/0a/00161f1c6b51b4c6074f4f09bffb76f7c396f16ea4c4f3883d40f9b7590b/whenever-0.11.0-cp315-cp315t-musllinux_1_2_x86_64.whl", hash = "sha256:0a638c8727e9d77056e8b1c83fc520db9fef867415045eda478d118ec36f4c1c", size = 817711, upload-time = "2026-10-02T20:08:04.628Z" },
    { url = "https://files.pythonhosted.org/packages/30/c3/73694c312e8011be38b13e60514610e5ef1dd3495d9e54ca8451a12d7dab/whenever-0.11.0-cp315-cp315t-win32.whl", hash = "sha256:e240fd32a3fbbe7c9ec56c702de5f1e850bd5cc3ca06fc4873d8741cc7237c85", size = 582815, upload-time = "2026-10-02T20:08:06.612Z" },
    { url = "https://files.pythonhosted.org/packages/07/0a/761cfbcef0024562a7ccafd42afb94aecb9674d00f7f715c34ad06f5de3e/whenever-0.11.0-cp315-cp315t-win_amd64.whl", hash = "sha256:cf65327e0f418c40db80f012d370a196c1707daec96e61f0345587de55cdcef9", size = 549693, upload-time = "2026-10-02T20:08:08.456Z" },
    { url = "https://files.pythonhosted.org/packages/d6/9f/8b19cd4932d002529647a66c4da2dfe5f0c516c6472edfaa7dd53ad235b1/whenever-0.11.0-py3-none-any.whl", hash = "sha256:2ed4a4562b1b99bb21ff236954d898092fdc45c67e61ae2b154ff471c9e76d54", size = 152718, upload-time = "2026-10-02T20:08:10.427Z" },
]
